// !$*UTF8*$!
{
	archiveVersion = 1;
	classes = {
	};
	objectVersion = 56;
	objects = {

/* Begin PBXBuildFile section */
		60A6C493297954290048680E /* AppDelegate.swift in Sources */ = {isa = PBXBuildFile; fileRef = 60A6C492297954290048680E /* AppDelegate.swift */; };
		60A6C495297954290048680E /* SceneDelegate.swift in Sources */ = {isa = PBXBuildFile; fileRef = 60A6C494297954290048680E /* SceneDelegate.swift */; };
		60A6C49A297954290048680E /* Main.storyboard in Resources */ = {isa = PBXBuildFile; fileRef = 60A6C498297954290048680E /* Main.storyboard */; };
		60A6C49D297954290048680E /* GameField.xcdatamodeld in Sources */ = {isa = PBXBuildFile; fileRef = 60A6C49B297954290048680E /* GameField.xcdatamodeld */; };
		60A6C49F2979542A0048680E /* Assets.xcassets in Resources */ = {isa = PBXBuildFile; fileRef = 60A6C49E2979542A0048680E /* Assets.xcassets */; };
		60A6C4A22979542A0048680E /* LaunchScreen.storyboard in Resources */ = {isa = PBXBuildFile; fileRef = 60A6C4A02979542A0048680E /* LaunchScreen.storyboard */; };
		60A6C4B5297960210048680E /* HomeViewController.swift in Sources */ = {isa = PBXBuildFile; fileRef = 60A6C4B4297960210048680E /* HomeViewController.swift */; };
		60A6C4B7297960A70048680E /* HomeViewModel.swift in Sources */ = {isa = PBXBuildFile; fileRef = 60A6C4B6297960A70048680E /* HomeViewModel.swift */; };
		60A6C4B9297964F40048680E /* HomeModel.swift in Sources */ = {isa = PBXBuildFile; fileRef = 60A6C4B8297964F40048680E /* HomeModel.swift */; };
		60A6C4BC29796ED10048680E /* HomeCollectionViewCell.swift in Sources */ = {isa = PBXBuildFile; fileRef = 60A6C4BA29796ED10048680E /* HomeCollectionViewCell.swift */; };
		60A6C4BD29796ED10048680E /* HomeCollectionViewCell.xib in Resources */ = {isa = PBXBuildFile; fileRef = 60A6C4BB29796ED10048680E /* HomeCollectionViewCell.xib */; };
		60A6C4BF2979D1600048680E /* NetworkManager.swift in Sources */ = {isa = PBXBuildFile; fileRef = 60A6C4BE2979D1600048680E /* NetworkManager.swift */; };
		60A6C4C12979D5220048680E /* Endpoint.swift in Sources */ = {isa = PBXBuildFile; fileRef = 60A6C4C02979D5220048680E /* Endpoint.swift */; };
		60A6C4C42979DB680048680E /* Kingfisher in Frameworks */ = {isa = PBXBuildFile; productRef = 60A6C4C32979DB680048680E /* Kingfisher */; };
		60A6C4C72979E0CA0048680E /* Extension.swift in Sources */ = {isa = PBXBuildFile; fileRef = 60A6C4C62979E0CA0048680E /* Extension.swift */; };
		60A6C4C92979EE620048680E /* DetailsViewController.swift in Sources */ = {isa = PBXBuildFile; fileRef = 60A6C4C82979EE620048680E /* DetailsViewController.swift */; };
		60A6C4CB2979FFF30048680E /* DetailsViewModel.swift in Sources */ = {isa = PBXBuildFile; fileRef = 60A6C4CA2979FFF30048680E /* DetailsViewModel.swift */; };
		60A6C4CD297A008D0048680E /* SeguePerformable.swift in Sources */ = {isa = PBXBuildFile; fileRef = 60A6C4CC297A008D0048680E /* SeguePerformable.swift */; };
		60A6C4CF297A8B840048680E /* DetailsModel.swift in Sources */ = {isa = PBXBuildFile; fileRef = 60A6C4CE297A8B840048680E /* DetailsModel.swift */; };
		60A6C4D1297A8E070048680E /* CoreDataManager.swift in Sources */ = {isa = PBXBuildFile; fileRef = 60A6C4D0297A8E070048680E /* CoreDataManager.swift */; };
		60A6C4D3297A8EB40048680E /* CoreDataFavoriteGameClient.swift in Sources */ = {isa = PBXBuildFile; fileRef = 60A6C4D2297A8EB40048680E /* CoreDataFavoriteGameClient.swift */; };
		60A6C4D5297A8F860048680E /* CoreDataSucceessMessage.swift in Sources */ = {isa = PBXBuildFile; fileRef = 60A6C4D4297A8F860048680E /* CoreDataSucceessMessage.swift */; };
		60A6C4D7297A8FCC0048680E /* CoreDataErrorMessage.swift in Sources */ = {isa = PBXBuildFile; fileRef = 60A6C4D6297A8FCC0048680E /* CoreDataErrorMessage.swift */; };
		60A6C4DA297A9B790048680E /* ProgressHUD in Frameworks */ = {isa = PBXBuildFile; productRef = 60A6C4D9297A9B790048680E /* ProgressHUD */; };
		60A6C4DC297AB7AB0048680E /* Alert.swift in Sources */ = {isa = PBXBuildFile; fileRef = 60A6C4DB297AB7AB0048680E /* Alert.swift */; };
		60A6C4DE297AB8310048680E /* NavigationPushable.swift in Sources */ = {isa = PBXBuildFile; fileRef = 60A6C4DD297AB8310048680E /* NavigationPushable.swift */; };
		60A6C4E0297AB9000048680E /* NavigationPresentable.swift in Sources */ = {isa = PBXBuildFile; fileRef = 60A6C4DF297AB9000048680E /* NavigationPresentable.swift */; };
		60A6C4E2297ABA1B0048680E /* NotificationCenter.swift in Sources */ = {isa = PBXBuildFile; fileRef = 60A6C4E1297ABA1B0048680E /* NotificationCenter.swift */; };
		60A6C4E4297ABA630048680E /* Identifier.swift in Sources */ = {isa = PBXBuildFile; fileRef = 60A6C4E3297ABA630048680E /* Identifier.swift */; };
		60A6C4E6297ABC690048680E /* NetworkService.swift in Sources */ = {isa = PBXBuildFile; fileRef = 60A6C4E5297ABC690048680E /* NetworkService.swift */; };
		60A6C4E8297ABCB00048680E /* NetworkServiceError.swift in Sources */ = {isa = PBXBuildFile; fileRef = 60A6C4E7297ABCB00048680E /* NetworkServiceError.swift */; };
		60A6C4EA297ABD520048680E /* QueryItem.swift in Sources */ = {isa = PBXBuildFile; fileRef = 60A6C4E9297ABD520048680E /* QueryItem.swift */; };
/* End PBXBuildFile section */

/* Begin PBXFileReference section */
		60A6C48F297954290048680E /* GameField.app */ = {isa = PBXFileReference; explicitFileType = wrapper.application; includeInIndex = 0; path = GameField.app; sourceTree = BUILT_PRODUCTS_DIR; };
		60A6C492297954290048680E /* AppDelegate.swift */ = {isa = PBXFileReference; lastKnownFileType = sourcecode.swift; path = AppDelegate.swift; sourceTree = "<group>"; };
		60A6C494297954290048680E /* SceneDelegate.swift */ = {isa = PBXFileReference; lastKnownFileType = sourcecode.swift; path = SceneDelegate.swift; sourceTree = "<group>"; };
		60A6C499297954290048680E /* Base */ = {isa = PBXFileReference; lastKnownFileType = file.storyboard; name = Base; path = Base.lproj/Main.storyboard; sourceTree = "<group>"; };
		60A6C49C297954290048680E /* GameField.xcdatamodel */ = {isa = PBXFileReference; lastKnownFileType = wrapper.xcdatamodel; path = GameField.xcdatamodel; sourceTree = "<group>"; };
		60A6C49E2979542A0048680E /* Assets.xcassets */ = {isa = PBXFileReference; lastKnownFileType = folder.assetcatalog; path = Assets.xcassets; sourceTree = "<group>"; };
		60A6C4A12979542A0048680E /* Base */ = {isa = PBXFileReference; lastKnownFileType = file.storyboard; name = Base; path = Base.lproj/LaunchScreen.storyboard; sourceTree = "<group>"; };
		60A6C4A32979542A0048680E /* Info.plist */ = {isa = PBXFileReference; lastKnownFileType = text.plist.xml; path = Info.plist; sourceTree = "<group>"; };
		60A6C4B4297960210048680E /* HomeViewController.swift */ = {isa = PBXFileReference; lastKnownFileType = sourcecode.swift; path = HomeViewController.swift; sourceTree = "<group>"; };
		60A6C4B6297960A70048680E /* HomeViewModel.swift */ = {isa = PBXFileReference; lastKnownFileType = sourcecode.swift; path = HomeViewModel.swift; sourceTree = "<group>"; };
		60A6C4B8297964F40048680E /* HomeModel.swift */ = {isa = PBXFileReference; lastKnownFileType = sourcecode.swift; path = HomeModel.swift; sourceTree = "<group>"; };
		60A6C4BA29796ED10048680E /* HomeCollectionViewCell.swift */ = {isa = PBXFileReference; lastKnownFileType = sourcecode.swift; path = HomeCollectionViewCell.swift; sourceTree = "<group>"; };
		60A6C4BB29796ED10048680E /* HomeCollectionViewCell.xib */ = {isa = PBXFileReference; lastKnownFileType = file.xib; path = HomeCollectionViewCell.xib; sourceTree = "<group>"; };
		60A6C4BE2979D1600048680E /* NetworkManager.swift */ = {isa = PBXFileReference; lastKnownFileType = sourcecode.swift; path = NetworkManager.swift; sourceTree = "<group>"; };
		60A6C4C02979D5220048680E /* Endpoint.swift */ = {isa = PBXFileReference; lastKnownFileType = sourcecode.swift; path = Endpoint.swift; sourceTree = "<group>"; };
		60A6C4C62979E0CA0048680E /* Extension.swift */ = {isa = PBXFileReference; lastKnownFileType = sourcecode.swift; path = Extension.swift; sourceTree = "<group>"; };
		60A6C4C82979EE620048680E /* DetailsViewController.swift */ = {isa = PBXFileReference; lastKnownFileType = sourcecode.swift; path = DetailsViewController.swift; sourceTree = "<group>"; };
		60A6C4CA2979FFF30048680E /* DetailsViewModel.swift */ = {isa = PBXFileReference; lastKnownFileType = sourcecode.swift; path = DetailsViewModel.swift; sourceTree = "<group>"; };
		60A6C4CC297A008D0048680E /* SeguePerformable.swift */ = {isa = PBXFileReference; lastKnownFileType = sourcecode.swift; path = SeguePerformable.swift; sourceTree = "<group>"; };
		60A6C4CE297A8B840048680E /* DetailsModel.swift */ = {isa = PBXFileReference; lastKnownFileType = sourcecode.swift; path = DetailsModel.swift; sourceTree = "<group>"; };
		60A6C4D0297A8E070048680E /* CoreDataManager.swift */ = {isa = PBXFileReference; lastKnownFileType = sourcecode.swift; path = CoreDataManager.swift; sourceTree = "<group>"; };
		60A6C4D2297A8EB40048680E /* CoreDataFavoriteGameClient.swift */ = {isa = PBXFileReference; lastKnownFileType = sourcecode.swift; path = CoreDataFavoriteGameClient.swift; sourceTree = "<group>"; };
		60A6C4D4297A8F860048680E /* CoreDataSucceessMessage.swift */ = {isa = PBXFileReference; lastKnownFileType = sourcecode.swift; path = CoreDataSucceessMessage.swift; sourceTree = "<group>"; };
		60A6C4D6297A8FCC0048680E /* CoreDataErrorMessage.swift */ = {isa = PBXFileReference; lastKnownFileType = sourcecode.swift; path = CoreDataErrorMessage.swift; sourceTree = "<group>"; };
		60A6C4DB297AB7AB0048680E /* Alert.swift */ = {isa = PBXFileReference; lastKnownFileType = sourcecode.swift; path = Alert.swift; sourceTree = "<group>"; };
		60A6C4DD297AB8310048680E /* NavigationPushable.swift */ = {isa = PBXFileReference; lastKnownFileType = sourcecode.swift; path = NavigationPushable.swift; sourceTree = "<group>"; };
		60A6C4DF297AB9000048680E /* NavigationPresentable.swift */ = {isa = PBXFileReference; lastKnownFileType = sourcecode.swift; path = NavigationPresentable.swift; sourceTree = "<group>"; };
		60A6C4E1297ABA1B0048680E /* NotificationCenter.swift */ = {isa = PBXFileReference; lastKnownFileType = sourcecode.swift; path = NotificationCenter.swift; sourceTree = "<group>"; };
		60A6C4E3297ABA630048680E /* Identifier.swift */ = {isa = PBXFileReference; lastKnownFileType = sourcecode.swift; path = Identifier.swift; sourceTree = "<group>"; };
		60A6C4E5297ABC690048680E /* NetworkService.swift */ = {isa = PBXFileReference; lastKnownFileType = sourcecode.swift; path = NetworkService.swift; sourceTree = "<group>"; };
		60A6C4E7297ABCB00048680E /* NetworkServiceError.swift */ = {isa = PBXFileReference; lastKnownFileType = sourcecode.swift; path = NetworkServiceError.swift; sourceTree = "<group>"; };
		60A6C4E9297ABD520048680E /* QueryItem.swift */ = {isa = PBXFileReference; lastKnownFileType = sourcecode.swift; path = QueryItem.swift; sourceTree = "<group>"; };
/* End PBXFileReference section */

/* Begin PBXFrameworksBuildPhase section */
		60A6C48C297954290048680E /* Frameworks */ = {
			isa = PBXFrameworksBuildPhase;
			buildActionMask = 2147483647;
			files = (
				60A6C4C42979DB680048680E /* Kingfisher in Frameworks */,
				60A6C4DA297A9B790048680E /* ProgressHUD in Frameworks */,
			);
			runOnlyForDeploymentPostprocessing = 0;
		};
/* End PBXFrameworksBuildPhase section */

/* Begin PBXGroup section */
		60A6C486297954290048680E = {
			isa = PBXGroup;
			children = (
				60A6C491297954290048680E /* GameField */,
				60A6C490297954290048680E /* Products */,
			);
			sourceTree = "<group>";
		};
		60A6C490297954290048680E /* Products */ = {
			isa = PBXGroup;
			children = (
				60A6C48F297954290048680E /* GameField.app */,
			);
			name = Products;
			sourceTree = "<group>";
		};
		60A6C491297954290048680E /* GameField */ = {
			isa = PBXGroup;
			children = (
				60A6C4A32979542A0048680E /* Info.plist */,
				60A6C4C52979E08F0048680E /* Utility */,
				60A6C4AD29795BE40048680E /* Feature */,
				60A6C4AC29795BDC0048680E /* CoreData */,
				60A6C4AB29795BCB0048680E /* Network */,
				60A6C4A9297959EC0048680E /* App */,
			);
			path = GameField;
			sourceTree = "<group>";
		};
		60A6C4A9297959EC0048680E /* App */ = {
			isa = PBXGroup;
			children = (
				60A6C492297954290048680E /* AppDelegate.swift */,
				60A6C494297954290048680E /* SceneDelegate.swift */,
				60A6C49E2979542A0048680E /* Assets.xcassets */,
				60A6C4AA29795B6A0048680E /* Storyboards */,
			);
			path = App;
			sourceTree = "<group>";
		};
		60A6C4AA29795B6A0048680E /* Storyboards */ = {
			isa = PBXGroup;
			children = (
				60A6C4A02979542A0048680E /* LaunchScreen.storyboard */,
				60A6C498297954290048680E /* Main.storyboard */,
			);
			path = Storyboards;
			sourceTree = "<group>";
		};
		60A6C4AB29795BCB0048680E /* Network */ = {
			isa = PBXGroup;
			children = (
				60A6C4BE2979D1600048680E /* NetworkManager.swift */,
				60A6C4C02979D5220048680E /* Endpoint.swift */,
				60A6C4E5297ABC690048680E /* NetworkService.swift */,
				60A6C4E7297ABCB00048680E /* NetworkServiceError.swift */,
				60A6C4E9297ABD520048680E /* QueryItem.swift */,
			);
			path = Network;
			sourceTree = "<group>";
		};
		60A6C4AC29795BDC0048680E /* CoreData */ = {
			isa = PBXGroup;
			children = (
				60A6C49B297954290048680E /* GameField.xcdatamodeld */,
				60A6C4D0297A8E070048680E /* CoreDataManager.swift */,
				60A6C4D2297A8EB40048680E /* CoreDataFavoriteGameClient.swift */,
				60A6C4D4297A8F860048680E /* CoreDataSucceessMessage.swift */,
				60A6C4D6297A8FCC0048680E /* CoreDataErrorMessage.swift */,
			);
			path = CoreData;
			sourceTree = "<group>";
		};
		60A6C4AD29795BE40048680E /* Feature */ = {
			isa = PBXGroup;
			children = (
				60A6C4AE29795C130048680E /* HomeModule */,
				60A6C4B029795C460048680E /* DetailsModule */,
				60A6C4AF29795C360048680E /* FavoriteListModule */,
				60A6C4B129795C530048680E /* NoteModule */,
			);
			path = Feature;
			sourceTree = "<group>";
		};
		60A6C4AE29795C130048680E /* HomeModule */ = {
			isa = PBXGroup;
			children = (
				60A6C4B8297964F40048680E /* HomeModel.swift */,
				60A6C4B4297960210048680E /* HomeViewController.swift */,
				60A6C4BA29796ED10048680E /* HomeCollectionViewCell.swift */,
				60A6C4BB29796ED10048680E /* HomeCollectionViewCell.xib */,
				60A6C4B6297960A70048680E /* HomeViewModel.swift */,
			);
			path = HomeModule;
			sourceTree = "<group>";
		};
		60A6C4AF29795C360048680E /* FavoriteListModule */ = {
			isa = PBXGroup;
			children = (
			);
			path = FavoriteListModule;
			sourceTree = "<group>";
		};
		60A6C4B029795C460048680E /* DetailsModule */ = {
			isa = PBXGroup;
			children = (
				60A6C4C82979EE620048680E /* DetailsViewController.swift */,
				60A6C4CA2979FFF30048680E /* DetailsViewModel.swift */,
				60A6C4CE297A8B840048680E /* DetailsModel.swift */,
			);
			path = DetailsModule;
			sourceTree = "<group>";
		};
		60A6C4B129795C530048680E /* NoteModule */ = {
			isa = PBXGroup;
			children = (
			);
			path = NoteModule;
			sourceTree = "<group>";
		};
		60A6C4C52979E08F0048680E /* Utility */ = {
			isa = PBXGroup;
			children = (
				60A6C4C62979E0CA0048680E /* Extension.swift */,
				60A6C4CC297A008D0048680E /* SeguePerformable.swift */,
				60A6C4DB297AB7AB0048680E /* Alert.swift */,
				60A6C4DD297AB8310048680E /* NavigationPushable.swift */,
				60A6C4DF297AB9000048680E /* NavigationPresentable.swift */,
				60A6C4E1297ABA1B0048680E /* NotificationCenter.swift */,
				60A6C4E3297ABA630048680E /* Identifier.swift */,
			);
			path = Utility;
			sourceTree = "<group>";
		};
/* End PBXGroup section */

/* Begin PBXNativeTarget section */
		60A6C48E297954290048680E /* GameField */ = {
			isa = PBXNativeTarget;
			buildConfigurationList = 60A6C4A62979542A0048680E /* Build configuration list for PBXNativeTarget "GameField" */;
			buildPhases = (
				60A6C48B297954290048680E /* Sources */,
				60A6C48C297954290048680E /* Frameworks */,
				60A6C48D297954290048680E /* Resources */,
			);
			buildRules = (
			);
			dependencies = (
			);
			name = GameField;
			packageProductDependencies = (
				60A6C4C32979DB680048680E /* Kingfisher */,
				60A6C4D9297A9B790048680E /* ProgressHUD */,
			);
			productName = GameField;
			productReference = 60A6C48F297954290048680E /* GameField.app */;
			productType = "com.apple.product-type.application";
		};
/* End PBXNativeTarget section */

/* Begin PBXProject section */
		60A6C487297954290048680E /* Project object */ = {
			isa = PBXProject;
			attributes = {
				BuildIndependentTargetsInParallel = 1;
				LastSwiftUpdateCheck = 1420;
				LastUpgradeCheck = 1420;
				TargetAttributes = {
					60A6C48E297954290048680E = {
						CreatedOnToolsVersion = 14.2;
					};
				};
			};
			buildConfigurationList = 60A6C48A297954290048680E /* Build configuration list for PBXProject "GameField" */;
			compatibilityVersion = "Xcode 14.0";
			developmentRegion = en;
			hasScannedForEncodings = 0;
			knownRegions = (
				en,
				Base,
			);
			mainGroup = 60A6C486297954290048680E;
			packageReferences = (
				60A6C4C22979DB680048680E /* XCRemoteSwiftPackageReference "Kingfisher" */,
				60A6C4D8297A9B790048680E /* XCRemoteSwiftPackageReference "ProgressHUD" */,
			);
			productRefGroup = 60A6C490297954290048680E /* Products */;
			projectDirPath = "";
			projectRoot = "";
			targets = (
				60A6C48E297954290048680E /* GameField */,
			);
		};
/* End PBXProject section */

/* Begin PBXResourcesBuildPhase section */
		60A6C48D297954290048680E /* Resources */ = {
			isa = PBXResourcesBuildPhase;
			buildActionMask = 2147483647;
			files = (
				60A6C4A22979542A0048680E /* LaunchScreen.storyboard in Resources */,
				60A6C49F2979542A0048680E /* Assets.xcassets in Resources */,
				60A6C49A297954290048680E /* Main.storyboard in Resources */,
				60A6C4BD29796ED10048680E /* HomeCollectionViewCell.xib in Resources */,
			);
			runOnlyForDeploymentPostprocessing = 0;
		};
/* End PBXResourcesBuildPhase section */

/* Begin PBXSourcesBuildPhase section */
		60A6C48B297954290048680E /* Sources */ = {
			isa = PBXSourcesBuildPhase;
			buildActionMask = 2147483647;
			files = (
				60A6C4B5297960210048680E /* HomeViewController.swift in Sources */,
				60A6C4CD297A008D0048680E /* SeguePerformable.swift in Sources */,
				60A6C4D5297A8F860048680E /* CoreDataSucceessMessage.swift in Sources */,
				60A6C4EA297ABD520048680E /* QueryItem.swift in Sources */,
				60A6C4D7297A8FCC0048680E /* CoreDataErrorMessage.swift in Sources */,
				60A6C4C12979D5220048680E /* Endpoint.swift in Sources */,
				60A6C4DC297AB7AB0048680E /* Alert.swift in Sources */,
				60A6C4D1297A8E070048680E /* CoreDataManager.swift in Sources */,
				60A6C4E0297AB9000048680E /* NavigationPresentable.swift in Sources */,
				60A6C4B7297960A70048680E /* HomeViewModel.swift in Sources */,
				60A6C4CF297A8B840048680E /* DetailsModel.swift in Sources */,
				60A6C4E8297ABCB00048680E /* NetworkServiceError.swift in Sources */,
				60A6C4E6297ABC690048680E /* NetworkService.swift in Sources */,
				60A6C4C92979EE620048680E /* DetailsViewController.swift in Sources */,
				60A6C49D297954290048680E /* GameField.xcdatamodeld in Sources */,
				60A6C4B9297964F40048680E /* HomeModel.swift in Sources */,
				60A6C4E2297ABA1B0048680E /* NotificationCenter.swift in Sources */,
				60A6C4C72979E0CA0048680E /* Extension.swift in Sources */,
				60A6C4BF2979D1600048680E /* NetworkManager.swift in Sources */,
				60A6C493297954290048680E /* AppDelegate.swift in Sources */,
				60A6C495297954290048680E /* SceneDelegate.swift in Sources */,
				60A6C4BC29796ED10048680E /* HomeCollectionViewCell.swift in Sources */,
				60A6C4D3297A8EB40048680E /* CoreDataFavoriteGameClient.swift in Sources */,
				60A6C4CB2979FFF30048680E /* DetailsViewModel.swift in Sources */,
				60A6C4E4297ABA630048680E /* Identifier.swift in Sources */,
				60A6C4DE297AB8310048680E /* NavigationPushable.swift in Sources */,
			);
			runOnlyForDeploymentPostprocessing = 0;
		};
/* End PBXSourcesBuildPhase section */

/* Begin PBXVariantGroup section */
		60A6C498297954290048680E /* Main.storyboard */ = {
			isa = PBXVariantGroup;
			children = (
				60A6C499297954290048680E /* Base */,
			);
			name = Main.storyboard;
			sourceTree = "<group>";
		};
		60A6C4A02979542A0048680E /* LaunchScreen.storyboard */ = {
			isa = PBXVariantGroup;
			children = (
				60A6C4A12979542A0048680E /* Base */,
			);
			name = LaunchScreen.storyboard;
			sourceTree = "<group>";
		};
/* End PBXVariantGroup section */

/* Begin XCBuildConfiguration section */
		60A6C4A42979542A0048680E /* Debug */ = {
			isa = XCBuildConfiguration;
			buildSettings = {
				ALWAYS_SEARCH_USER_PATHS = NO;
				CLANG_ANALYZER_NONNULL = YES;
				CLANG_ANALYZER_NUMBER_OBJECT_CONVERSION = YES_AGGRESSIVE;
				CLANG_CXX_LANGUAGE_STANDARD = "gnu++20";
				CLANG_ENABLE_MODULES = YES;
				CLANG_ENABLE_OBJC_ARC = YES;
				CLANG_ENABLE_OBJC_WEAK = YES;
				CLANG_WARN_BLOCK_CAPTURE_AUTORELEASING = YES;
				CLANG_WARN_BOOL_CONVERSION = YES;
				CLANG_WARN_COMMA = YES;
				CLANG_WARN_CONSTANT_CONVERSION = YES;
				CLANG_WARN_DEPRECATED_OBJC_IMPLEMENTATIONS = YES;
				CLANG_WARN_DIRECT_OBJC_ISA_USAGE = YES_ERROR;
				CLANG_WARN_DOCUMENTATION_COMMENTS = YES;
				CLANG_WARN_EMPTY_BODY = YES;
				CLANG_WARN_ENUM_CONVERSION = YES;
				CLANG_WARN_INFINITE_RECURSION = YES;
				CLANG_WARN_INT_CONVERSION = YES;
				CLANG_WARN_NON_LITERAL_NULL_CONVERSION = YES;
				CLANG_WARN_OBJC_IMPLICIT_RETAIN_SELF = YES;
				CLANG_WARN_OBJC_LITERAL_CONVERSION = YES;
				CLANG_WARN_OBJC_ROOT_CLASS = YES_ERROR;
				CLANG_WARN_QUOTED_INCLUDE_IN_FRAMEWORK_HEADER = YES;
				CLANG_WARN_RANGE_LOOP_ANALYSIS = YES;
				CLANG_WARN_STRICT_PROTOTYPES = YES;
				CLANG_WARN_SUSPICIOUS_MOVE = YES;
				CLANG_WARN_UNGUARDED_AVAILABILITY = YES_AGGRESSIVE;
				CLANG_WARN_UNREACHABLE_CODE = YES;
				CLANG_WARN__DUPLICATE_METHOD_MATCH = YES;
				COPY_PHASE_STRIP = NO;
				DEBUG_INFORMATION_FORMAT = dwarf;
				ENABLE_STRICT_OBJC_MSGSEND = YES;
				ENABLE_TESTABILITY = YES;
				GCC_C_LANGUAGE_STANDARD = gnu11;
				GCC_DYNAMIC_NO_PIC = NO;
				GCC_NO_COMMON_BLOCKS = YES;
				GCC_OPTIMIZATION_LEVEL = 0;
				GCC_PREPROCESSOR_DEFINITIONS = (
					"DEBUG=1",
					"$(inherited)",
				);
				GCC_WARN_64_TO_32_BIT_CONVERSION = YES;
				GCC_WARN_ABOUT_RETURN_TYPE = YES_ERROR;
				GCC_WARN_UNDECLARED_SELECTOR = YES;
				GCC_WARN_UNINITIALIZED_AUTOS = YES_AGGRESSIVE;
				GCC_WARN_UNUSED_FUNCTION = YES;
				GCC_WARN_UNUSED_VARIABLE = YES;
				IPHONEOS_DEPLOYMENT_TARGET = 16.2;
				MTL_ENABLE_DEBUG_INFO = INCLUDE_SOURCE;
				MTL_FAST_MATH = YES;
				ONLY_ACTIVE_ARCH = YES;
				SDKROOT = iphoneos;
				SWIFT_ACTIVE_COMPILATION_CONDITIONS = DEBUG;
				SWIFT_OPTIMIZATION_LEVEL = "-Onone";
			};
			name = Debug;
		};
		60A6C4A52979542A0048680E /* Release */ = {
			isa = XCBuildConfiguration;
			buildSettings = {
				ALWAYS_SEARCH_USER_PATHS = NO;
				CLANG_ANALYZER_NONNULL = YES;
				CLANG_ANALYZER_NUMBER_OBJECT_CONVERSION = YES_AGGRESSIVE;
				CLANG_CXX_LANGUAGE_STANDARD = "gnu++20";
				CLANG_ENABLE_MODULES = YES;
				CLANG_ENABLE_OBJC_ARC = YES;
				CLANG_ENABLE_OBJC_WEAK = YES;
				CLANG_WARN_BLOCK_CAPTURE_AUTORELEASING = YES;
				CLANG_WARN_BOOL_CONVERSION = YES;
				CLANG_WARN_COMMA = YES;
				CLANG_WARN_CONSTANT_CONVERSION = YES;
				CLANG_WARN_DEPRECATED_OBJC_IMPLEMENTATIONS = YES;
				CLANG_WARN_DIRECT_OBJC_ISA_USAGE = YES_ERROR;
				CLANG_WARN_DOCUMENTATION_COMMENTS = YES;
				CLANG_WARN_EMPTY_BODY = YES;
				CLANG_WARN_ENUM_CONVERSION = YES;
				CLANG_WARN_INFINITE_RECURSION = YES;
				CLANG_WARN_INT_CONVERSION = YES;
				CLANG_WARN_NON_LITERAL_NULL_CONVERSION = YES;
				CLANG_WARN_OBJC_IMPLICIT_RETAIN_SELF = YES;
				CLANG_WARN_OBJC_LITERAL_CONVERSION = YES;
				CLANG_WARN_OBJC_ROOT_CLASS = YES_ERROR;
				CLANG_WARN_QUOTED_INCLUDE_IN_FRAMEWORK_HEADER = YES;
				CLANG_WARN_RANGE_LOOP_ANALYSIS = YES;
				CLANG_WARN_STRICT_PROTOTYPES = YES;
				CLANG_WARN_SUSPICIOUS_MOVE = YES;
				CLANG_WARN_UNGUARDED_AVAILABILITY = YES_AGGRESSIVE;
				CLANG_WARN_UNREACHABLE_CODE = YES;
				CLANG_WARN__DUPLICATE_METHOD_MATCH = YES;
				COPY_PHASE_STRIP = NO;
				DEBUG_INFORMATION_FORMAT = "dwarf-with-dsym";
				ENABLE_NS_ASSERTIONS = NO;
				ENABLE_STRICT_OBJC_MSGSEND = YES;
				GCC_C_LANGUAGE_STANDARD = gnu11;
				GCC_NO_COMMON_BLOCKS = YES;
				GCC_WARN_64_TO_32_BIT_CONVERSION = YES;
				GCC_WARN_ABOUT_RETURN_TYPE = YES_ERROR;
				GCC_WARN_UNDECLARED_SELECTOR = YES;
				GCC_WARN_UNINITIALIZED_AUTOS = YES_AGGRESSIVE;
				GCC_WARN_UNUSED_FUNCTION = YES;
				GCC_WARN_UNUSED_VARIABLE = YES;
				IPHONEOS_DEPLOYMENT_TARGET = 16.2;
				MTL_ENABLE_DEBUG_INFO = NO;
				MTL_FAST_MATH = YES;
				SDKROOT = iphoneos;
				SWIFT_COMPILATION_MODE = wholemodule;
				SWIFT_OPTIMIZATION_LEVEL = "-O";
				VALIDATE_PRODUCT = YES;
			};
			name = Release;
		};
		60A6C4A72979542A0048680E /* Debug */ = {
			isa = XCBuildConfiguration;
			buildSettings = {
				ASSETCATALOG_COMPILER_APPICON_NAME = AppIcon;
				ASSETCATALOG_COMPILER_GLOBAL_ACCENT_COLOR_NAME = AccentColor;
				CODE_SIGN_STYLE = Automatic;
				CURRENT_PROJECT_VERSION = 1;
				DEVELOPMENT_TEAM = G58UNYLJYD;
				GENERATE_INFOPLIST_FILE = YES;
				INFOPLIST_FILE = GameField/Info.plist;
				INFOPLIST_KEY_UIApplicationSupportsIndirectInputEvents = YES;
				INFOPLIST_KEY_UILaunchStoryboardName = LaunchScreen;
				INFOPLIST_KEY_UIMainStoryboardFile = Main;
				INFOPLIST_KEY_UISupportedInterfaceOrientations_iPad = "UIInterfaceOrientationPortrait UIInterfaceOrientationPortraitUpsideDown UIInterfaceOrientationLandscapeLeft UIInterfaceOrientationLandscapeRight";
				INFOPLIST_KEY_UISupportedInterfaceOrientations_iPhone = "UIInterfaceOrientationPortrait UIInterfaceOrientationLandscapeLeft UIInterfaceOrientationLandscapeRight";
				LD_RUNPATH_SEARCH_PATHS = (
					"$(inherited)",
					"@executable_path/Frameworks",
				);
				MARKETING_VERSION = 1.0;
				PRODUCT_BUNDLE_IDENTIFIER = com.aliserkanboyraci.GameField;
				PRODUCT_NAME = "$(TARGET_NAME)";
				SWIFT_EMIT_LOC_STRINGS = YES;
				SWIFT_VERSION = 5.0;
				TARGETED_DEVICE_FAMILY = "1,2";
			};
			name = Debug;
		};
		60A6C4A82979542A0048680E /* Release */ = {
			isa = XCBuildConfiguration;
			buildSettings = {
				ASSETCATALOG_COMPILER_APPICON_NAME = AppIcon;
				ASSETCATALOG_COMPILER_GLOBAL_ACCENT_COLOR_NAME = AccentColor;
				CODE_SIGN_STYLE = Automatic;
				CURRENT_PROJECT_VERSION = 1;
				DEVELOPMENT_TEAM = G58UNYLJYD;
				GENERATE_INFOPLIST_FILE = YES;
				INFOPLIST_FILE = GameField/Info.plist;
				INFOPLIST_KEY_UIApplicationSupportsIndirectInputEvents = YES;
				INFOPLIST_KEY_UILaunchStoryboardName = LaunchScreen;
				INFOPLIST_KEY_UIMainStoryboardFile = Main;
				INFOPLIST_KEY_UISupportedInterfaceOrientations_iPad = "UIInterfaceOrientationPortrait UIInterfaceOrientationPortraitUpsideDown UIInterfaceOrientationLandscapeLeft UIInterfaceOrientationLandscapeRight";
				INFOPLIST_KEY_UISupportedInterfaceOrientations_iPhone = "UIInterfaceOrientationPortrait UIInterfaceOrientationLandscapeLeft UIInterfaceOrientationLandscapeRight";
				LD_RUNPATH_SEARCH_PATHS = (
					"$(inherited)",
					"@executable_path/Frameworks",
				);
				MARKETING_VERSION = 1.0;
				PRODUCT_BUNDLE_IDENTIFIER = com.aliserkanboyraci.GameField;
				PRODUCT_NAME = "$(TARGET_NAME)";
				SWIFT_EMIT_LOC_STRINGS = YES;
				SWIFT_VERSION = 5.0;
				TARGETED_DEVICE_FAMILY = "1,2";
			};
			name = Release;
		};
/* End XCBuildConfiguration section */

/* Begin XCConfigurationList section */
		60A6C48A297954290048680E /* Build configuration list for PBXProject "GameField" */ = {
			isa = XCConfigurationList;
			buildConfigurations = (
				60A6C4A42979542A0048680E /* Debug */,
				60A6C4A52979542A0048680E /* Release */,
			);
			defaultConfigurationIsVisible = 0;
			defaultConfigurationName = Release;
		};
		60A6C4A62979542A0048680E /* Build configuration list for PBXNativeTarget "GameField" */ = {
			isa = XCConfigurationList;
			buildConfigurations = (
				60A6C4A72979542A0048680E /* Debug */,
				60A6C4A82979542A0048680E /* Release */,
			);
			defaultConfigurationIsVisible = 0;
			defaultConfigurationName = Release;
		};
/* End XCConfigurationList section */

/* Begin XCRemoteSwiftPackageReference section */
		60A6C4C22979DB680048680E /* XCRemoteSwiftPackageReference "Kingfisher" */ = {
			isa = XCRemoteSwiftPackageReference;
			repositoryURL = "https://github.com/onevcat/Kingfisher.git";
			requirement = {
				branch = master;
				kind = branch;
			};
		};
		60A6C4D8297A9B790048680E /* XCRemoteSwiftPackageReference "ProgressHUD" */ = {
			isa = XCRemoteSwiftPackageReference;
			repositoryURL = "https://github.com/relatedcode/ProgressHUD.git";
			requirement = {
				kind = upToNextMajorVersion;
				minimumVersion = 13.0.0;
			};
		};
/* End XCRemoteSwiftPackageReference section */

/* Begin XCSwiftPackageProductDependency section */
		60A6C4C32979DB680048680E /* Kingfisher */ = {
			isa = XCSwiftPackageProductDependency;
			package = 60A6C4C22979DB680048680E /* XCRemoteSwiftPackageReference "Kingfisher" */;
			productName = Kingfisher;
		};
		60A6C4D9297A9B790048680E /* ProgressHUD */ = {
			isa = XCSwiftPackageProductDependency;
			package = 60A6C4D8297A9B790048680E /* XCRemoteSwiftPackageReference "ProgressHUD" */;
			productName = ProgressHUD;
		};
/* End XCSwiftPackageProductDependency section */

/* Begin XCVersionGroup section */
		60A6C49B297954290048680E /* GameField.xcdatamodeld */ = {
			isa = XCVersionGroup;
			children = (
				60A6C49C297954290048680E /* GameField.xcdatamodel */,
			);
			currentVersion = 60A6C49C297954290048680E /* GameField.xcdatamodel */;
			path = GameField.xcdatamodeld;
			sourceTree = "<group>";
			versionGroupType = wrapper.xcdatamodel;
		};
/* End XCVersionGroup section */
	};
	rootObject = 60A6C487297954290048680E /* Project object */;
}
